PODS:
  - Flutter (1.0.0)
  - whisper_cpp_flutter_plus (0.1.0):
    - Flutter

DEPENDENCIES:
  - Flutter (from `Flutter`)
  - whisper_cpp_flutter_plus (from `.symlinks/plugins/whisper_cpp_flutter_plus/ios`)

EXTERNAL SOURCES:
  Flutter:
    :path: Flutter
  whisper_cpp_flutter_plus:
    :path: ".symlinks/plugins/whisper_cpp_flutter_plus/ios"

SPEC CHECKSUMS:
  Flutter: cabc95a1d2626b1b06e7179b784ebcf0c0cde467
  whisper_cpp_flutter_plus: 6152462f55b3dabe13200be61a818433f0e9995c

PODFILE CHECKSUM: d71a8f9d234bf288cee64b372c30c196c8075224

COCOAPODS: 1.16.2
